
Microsoft Visual Studio Solution File, Format Version 12.00
# Visual Studio Version 17
VisualStudioVersion = 17.0.31903.59
MinimumVisualStudioVersion = 10.0.40219.1
Project("{FAE04EC0-301F-11D3-BF4B-00C04F79EFBC}") = "1.Fruit market", "1.Fruit market\1.Fruit market.csproj", "{79752905-93F0-4129-AE27-54EC70A0110E}"
EndProject
Project("{FAE04EC0-301F-11D3-BF4B-00C04F79EFBC}") = "2.Football team", "2.Football team\2.Football team.csproj", "{9FE2DEBD-43B4-4A8C-98A0-7BD6FE2BAA79}"
EndProject
Project("{FAE04EC0-301F-11D3-BF4B-00C04F79EFBC}") = "3.Football game", "3.Football game\3.Football game.csproj", "{BA177A6D-9352-4A54-B136-68D101DF9487}"
EndProject
Project("{FAE04EC0-301F-11D3-BF4B-00C04F79EFBC}") = "4.Divisionwithoutremainder", "4.Divisionwithoutremainder\4.Divisionwithoutremainder.csproj", "{A2B83F46-A142-4872-BDDD-6B6529B952A3}"
EndProject
Project("{FAE04EC0-301F-11D3-BF4B-00C04F79EFBC}") = "5.Winning numbers", "5.Winning numbers\5.Winning numbers.csproj", "{47360343-6611-4488-BF25-B671B237D309}"
EndProject
Global
	GlobalSection(SolutionConfigurationPlatforms) = preSolution
		Debug|Any CPU = Debug|Any CPU
		Release|Any CPU = Release|Any CPU
	EndGlobalSection
	GlobalSection(ProjectConfigurationPlatforms) = postSolution
		{79752905-93F0-4129-AE27-54EC70A0110E}.Debug|Any CPU.ActiveCfg = Debug|Any CPU
		{79752905-93F0-4129-AE27-54EC70A0110E}.Debug|Any CPU.Build.0 = Debug|Any CPU
		{79752905-93F0-4129-AE27-54EC70A0110E}.Release|Any CPU.ActiveCfg = Release|Any CPU
		{79752905-93F0-4129-AE27-54EC70A0110E}.Release|Any CPU.Build.0 = Release|Any CPU
		{9FE2DEBD-43B4-4A8C-98A0-7BD6FE2BAA79}.Debug|Any CPU.ActiveCfg = Debug|Any CPU
		{9FE2DEBD-43B4-4A8C-98A0-7BD6FE2BAA79}.Debug|Any CPU.Build.0 = Debug|Any CPU
		{9FE2DEBD-43B4-4A8C-98A0-7BD6FE2BAA79}.Release|Any CPU.ActiveCfg = Release|Any CPU
		{9FE2DEBD-43B4-4A8C-98A0-7BD6FE2BAA79}.Release|Any CPU.Build.0 = Release|Any CPU
		{BA177A6D-9352-4A54-B136-68D101DF9487}.Debug|Any CPU.ActiveCfg = Debug|Any CPU
		{BA177A6D-9352-4A54-B136-68D101DF9487}.Debug|Any CPU.Build.0 = Debug|Any CPU
		{BA177A6D-9352-4A54-B136-68D101DF9487}.Release|Any CPU.ActiveCfg = Release|Any CPU
		{BA177A6D-9352-4A54-B136-68D101DF9487}.Release|Any CPU.Build.0 = Release|Any CPU
		{A2B83F46-A142-4872-BDDD-6B6529B952A3}.Debug|Any CPU.ActiveCfg = Debug|Any CPU
		{A2B83F46-A142-4872-BDDD-6B6529B952A3}.Debug|Any CPU.Build.0 = Debug|Any CPU
		{A2B83F46-A142-4872-BDDD-6B6529B952A3}.Release|Any CPU.ActiveCfg = Release|Any CPU
		{A2B83F46-A142-4872-BDDD-6B6529B952A3}.Release|Any CPU.Build.0 = Release|Any CPU
		{47360343-6611-4488-BF25-B671B237D309}.Debug|Any CPU.ActiveCfg = Debug|Any CPU
		{47360343-6611-4488-BF25-B671B237D309}.Debug|Any CPU.Build.0 = Debug|Any CPU
		{47360343-6611-4488-BF25-B671B237D309}.Release|Any CPU.ActiveCfg = Release|Any CPU
		{47360343-6611-4488-BF25-B671B237D309}.Release|Any CPU.Build.0 = Release|Any CPU
	EndGlobalSection
	GlobalSection(SolutionProperties) = preSolution
		HideSolutionNode = FALSE
	EndGlobalSection
	GlobalSection(ExtensibilityGlobals) = postSolution
		SolutionGuid = {D3C8375D-7194-45CE-9630-6F4884B9304E}
	EndGlobalSection
EndGlobal
